{
	"name": "hdc_app",
	"version": "1.0.2",
	"lockfileVersion": 1,
	"requires": true,
	"dependencies": {
		"@jest/types": {
			"version": "26.6.2",
			"resolved": "https://registry.npmjs.org/@jest/types/-/types-26.6.2.tgz",
			"integrity": "sha512-fC6QCp7Sc5sX6g8Tvbmj4XUTbyrik0akgRy03yjXbQaBWWNWGE7SGtJk98m0N8nzegD/7SggrUlivxo5ax4KWQ==",
			"requires": {
				"@types/istanbul-lib-coverage": "^2.0.0",
				"@types/istanbul-reports": "^3.0.0",
				"@types/node": "*",
				"@types/yargs": "^15.0.0",
				"chalk": "^4.0.0"
			}
		},
		"@material-ui/pickers": {
			"version": "3.3.10",
			"resolved": "https://registry.npmjs.org/@material-ui/pickers/-/pickers-3.3.10.tgz",
			"integrity": "sha512-hS4pxwn1ZGXVkmgD4tpFpaumUaAg2ZzbTrxltfC5yPw4BJV+mGkfnQOB4VpWEYZw2jv65Z0wLwDE/piQiPPZ3w==",
			"requires": {
				"@babel/runtime": "^7.6.0",
				"@date-io/core": "1.x",
				"@types/styled-jsx": "^2.2.8",
				"clsx": "^1.0.2",
				"react-transition-group": "^4.0.0",
				"rifm": "^0.7.0"
			},
			"dependencies": {
				"@babel/runtime": {
					"version": "7.16.7",
					"resolved": "https://registry.npmjs.org/@babel/runtime/-/runtime-7.16.7.tgz",
					"integrity": "sha512-9E9FJowqAsytyOY6LG+1KuueckRL+aQW+mKvXRXnuFGyRAyepJPmEo9vgMfXUA6O9u3IeEdv9MAkppFcaQwogQ==",
					"requires": {
						"regenerator-runtime": "^0.13.4"
					}
				},
				"@date-io/core": {
					"version": "1.3.13",
					"resolved": "https://registry.npmjs.org/@date-io/core/-/core-1.3.13.tgz",
					"integrity": "sha512-AlEKV7TxjeK+jxWVKcCFrfYAk8spX9aCyiToFIiLPtfQbsjmRGLIhb5VZgptQcJdHtLXo7+m0DuurwFgUToQuA=="
				},
				"@types/styled-jsx": {
					"version": "2.2.9",
					"resolved": "https://registry.npmjs.org/@types/styled-jsx/-/styled-jsx-2.2.9.tgz",
					"integrity": "sha512-W/iTlIkGEyTBGTEvZCey8EgQlQ5l0DwMqi3iOXlLs2kyBwYTXHKEiU6IZ5EwoRwngL8/dGYuzezSup89ttVHLw==",
					"requires": {
						"@types/react": "*"
					}
				},
				"clsx": {
					"version": "1.1.1",
					"resolved": "https://registry.npmjs.org/clsx/-/clsx-1.1.1.tgz",
					"integrity": "sha512-6/bPho624p3S2pMyvP5kKBPXnI3ufHLObBFCfgx+LkeR5lg2XYy2hqZqUf45ypD8COn2bhgGJSUE+l5dhNBieA=="
				},
				"csstype": {
					"version": "3.0.10",
					"resolved": "https://registry.npmjs.org/csstype/-/csstype-3.0.10.tgz",
					"integrity": "sha512-2u44ZG2OcNUO9HDp/Jl8C07x6pU/eTR3ncV91SiK3dhG9TWvRVsCoJw14Ckx5DgWkzGA3waZWO3d7pgqpUI/XA=="
				},
				"dom-helpers": {
					"version": "5.2.1",
					"resolved": "https://registry.npmjs.org/dom-helpers/-/dom-helpers-5.2.1.tgz",
					"integrity": "sha512-nRCa7CK3VTrM2NmGkIy4cbK7IZlgBE/PYMn55rrXefr5xXDP0LdtfPnblFDoVdcAfslJ7or6iqAUnx0CCGIWQA==",
					"requires": {
						"@babel/runtime": "^7.8.7",
						"csstype": "^3.0.2"
					}
				},
				"js-tokens": {
					"version": "4.0.0",
					"resolved": "https://registry.npmjs.org/js-tokens/-/js-tokens-4.0.0.tgz",
					"integrity": "sha512-RdJUflcE3cUzKiMqQgsCu06FPu9UdIJO0beYbPhHN4k6apgJtifcoCtT9bcxOpYBtpD2kCM6Sbzg4CausW/PKQ=="
				},
				"loose-envify": {
					"version": "1.4.0",
					"resolved": "https://registry.npmjs.org/loose-envify/-/loose-envify-1.4.0.tgz",
					"integrity": "sha512-lyuxPGr/Wfhrlem2CL/UcnUc1zcqKAImBDzukY7Y5F/yQiNdko6+fRLevlw1HgMySw7f611UIY408EtxRSoK3Q==",
					"requires": {
						"js-tokens": "^3.0.0 || ^4.0.0"
					}
				},
				"object-assign": {
					"version": "4.1.1",
					"resolved": "https://registry.npmjs.org/object-assign/-/object-assign-4.1.1.tgz",
					"integrity": "sha1-IQmtx5ZYh8/AXLvUQsrIv7s2CGM="
				},
				"prop-types": {
					"version": "15.8.1",
					"resolved": "https://registry.npmjs.org/prop-types/-/prop-types-15.8.1.tgz",
					"integrity": "sha512-oj87CgZICdulUohogVAR7AjlC0327U4el4L6eAvOqCeudMDVU0NThNaV+b9Df4dXgSP1gXMTnPdhfe/2qDH5cg==",
					"requires": {
						"loose-envify": "^1.4.0",
						"object-assign": "^4.1.1",
						"react-is": "^16.13.1"
					}
				},
				"react-is": {
					"version": "16.13.1",
					"resolved": "https://registry.npmjs.org/react-is/-/react-is-16.13.1.tgz",
					"integrity": "sha512-24e6ynE2H+OKt4kqsOvNd8kBpV65zoxbA4BVsEOB3ARVWQki/DHzaUoC5KuON/BiccDaCCTZBuOcfZs70kR8bQ=="
				},
				"react-transition-group": {
					"version": "4.4.2",
					"resolved": "https://registry.npmjs.org/react-transition-group/-/react-transition-group-4.4.2.tgz",
					"integrity": "sha512-/RNYfRAMlZwDSr6z4zNKV6xu53/e2BuaBbGhbyYIXTrmgu/bGHzmqOs7mJSJBHy9Ud+ApHx3QjrkKSp1pxvlFg==",
					"requires": {
						"@babel/runtime": "^7.5.5",
						"dom-helpers": "^5.0.1",
						"loose-envify": "^1.4.0",
						"prop-types": "^15.6.2"
					}
				},
				"regenerator-runtime": {
					"version": "0.13.9",
					"resolved": "https://registry.npmjs.org/regenerator-runtime/-/regenerator-runtime-0.13.9.tgz",
					"integrity": "sha512-p3VT+cOEgxFsRRA9X4lkI1E+k2/CtnKtU4gcxyaCUreilL/vqI6CdZ3wxVUx3UOUg+gnUOQQcRI7BmSI656MYA=="
				},
				"rifm": {
					"version": "0.7.0",
					"resolved": "https://registry.npmjs.org/rifm/-/rifm-0.7.0.tgz",
					"integrity": "sha512-DSOJTWHD67860I5ojetXdEQRIBvF6YcpNe53j0vn1vp9EUb9N80EiZTxgP+FkDKorWC8PZw052kTF4C1GOivCQ==",
					"requires": {
						"@babel/runtime": "^7.3.1"
					}
				}
			}
		},
		"@types/istanbul-lib-coverage": {
			"version": "2.0.4",
			"resolved": "https://registry.npmjs.org/@types/istanbul-lib-coverage/-/istanbul-lib-coverage-2.0.4.tgz",
			"integrity": "sha512-z/QT1XN4K4KYuslS23k62yDIDLwLFkzxOuMplDtObz0+y7VqJCaO2o+SPwHCvLFZh7xazvvoor2tA/hPz9ee7g=="
		},
		"@types/istanbul-lib-report": {
			"version": "3.0.0",
			"resolved": "https://registry.npmjs.org/@types/istanbul-lib-report/-/istanbul-lib-report-3.0.0.tgz",
			"integrity": "sha512-plGgXAPfVKFoYfa9NpYDAkseG+g6Jr294RqeqcqDixSbU34MZVJRi/P+7Y8GDpzkEwLaGZZOpKIEmeVZNtKsrg==",
			"requires": {
				"@types/istanbul-lib-coverage": "*"
			}
		},
		"@types/istanbul-reports": {
			"version": "3.0.1",
			"resolved": "https://registry.npmjs.org/@types/istanbul-reports/-/istanbul-reports-3.0.1.tgz",
			"integrity": "sha512-c3mAZEuK0lvBp8tmuL74XRKn1+y2dcwOUpH7x4WrF6gk1GIgiluDRgMYQtw2OFcBvAJWlt6ASU3tSqxp0Uu0Aw==",
			"requires": {
				"@types/istanbul-lib-report": "*"
			}
		},
		"@types/jest": {
			"version": "26.0.24",
			"resolved": "https://registry.npmjs.org/@types/jest/-/jest-26.0.24.tgz",
			"integrity": "sha512-E/X5Vib8BWqZNRlDxj9vYXhsDwPYbPINqKF9BsnSoon4RQ0D9moEuLD8txgyypFLH7J4+Lho9Nr/c8H0Fi+17w==",
			"requires": {
				"jest-diff": "^26.0.0",
				"pretty-format": "^26.0.0"
			}
		},
		"@types/node": {
			"version": "12.20.42",
			"resolved": "https://registry.npmjs.org/@types/node/-/node-12.20.42.tgz",
			"integrity": "sha512-aI3/oo5DzyiI5R/xAhxxRzfZlWlsbbqdgxfTPkqu/Zt+23GXiJvMCyPJT4+xKSXOnLqoL8jJYMLTwvK2M3a5hw=="
		},
		"@types/prop-types": {
			"version": "15.7.4",
			"resolved": "https://registry.npmjs.org/@types/prop-types/-/prop-types-15.7.4.tgz",
			"integrity": "sha512-rZ5drC/jWjrArrS8BR6SIr4cWpW09RNTYt9AMZo3Jwwif+iacXAqgVjm0B0Bv/S1jhDXKHqRVNCbACkJ89RAnQ=="
		},
		"@types/react": {
			"version": "16.14.15",
			"resolved": "https://registry.npmjs.org/@types/react/-/react-16.14.15.tgz",
			"integrity": "sha512-jOxlBV9RGZhphdeqJTCv35VZOkjY+XIEY2owwSk84BNDdDv2xS6Csj6fhi+B/q30SR9Tz8lDNt/F2Z5RF3TrRg==",
			"requires": {
				"@types/prop-types": "*",
				"@types/scheduler": "*",
				"csstype": "^3.0.2"
			},
			"dependencies": {
				"csstype": {
					"version": "3.0.9",
					"resolved": "https://registry.npmjs.org/csstype/-/csstype-3.0.9.tgz",
					"integrity": "sha512-rpw6JPxK6Rfg1zLOYCSwle2GFOOsnjmDYDaBwEcwoOg4qlsIVCN789VkBZDJAGi4T07gI4YSutR43t9Zz4Lzuw=="
				}
			}
		},
		"@types/react-dom": {
			"version": "17.0.1",
			"resolved": "https://registry.npmjs.org/@types/react-dom/-/react-dom-17.0.1.tgz",
			"integrity": "sha512-yIVyopxQb8IDZ7SOHeTovurFq+fXiPICa+GV3gp0Xedsl+MwQlMLKmvrnEjFbQxjliH5YVAEWFh975eVNmKj7Q==",
			"requires": {
				"@types/react": "*"
			}
		},
		"@types/scheduler": {
			"version": "0.16.2",
			"resolved": "https://registry.npmjs.org/@types/scheduler/-/scheduler-0.16.2.tgz",
			"integrity": "sha512-hppQEBDmlwhFAXKJX2KnWLYu5yMfi91yazPb2l+lbJiwW+wdo1gNeRA+3RgNSO39WYX2euey41KEwnqesU2Jew=="
		},
		"@types/yargs": {
			"version": "15.0.14",
			"resolved": "https://registry.npmjs.org/@types/yargs/-/yargs-15.0.14.tgz",
			"integrity": "sha512-yEJzHoxf6SyQGhBhIYGXQDSCkJjB6HohDShto7m8vaKg9Yp0Yn8+71J9eakh2bnPg6BfsH9PRMhiRTZnd4eXGQ==",
			"requires": {
				"@types/yargs-parser": "*"
			}
		},
		"@types/yargs-parser": {
			"version": "20.2.1",
			"resolved": "https://registry.npmjs.org/@types/yargs-parser/-/yargs-parser-20.2.1.tgz",
			"integrity": "sha512-7tFImggNeNBVMsn0vLrpn1H1uPrUBdnARPTpZoitY37ZrdJREzf7I16tMrlK3hen349gr1NYh8CmZQa7CTG6Aw=="
		},
		"ansi-regex": {
			"version": "5.0.1",
			"resolved": "https://registry.npmjs.org/ansi-regex/-/ansi-regex-5.0.1.tgz",
			"integrity": "sha512-quJQXlTSUGL2LH9SUXo8VwsY4soanhgo6LNSm84E1LBcE8s3O0wpdiRzyR9z/ZZJMlMWv37qOOb9pdJlMUEKFQ=="
		},
		"ansi-styles": {
			"version": "4.3.0",
			"resolved": "https://registry.npmjs.org/ansi-styles/-/ansi-styles-4.3.0.tgz",
			"integrity": "sha512-zbB9rCJAT1rbjiVDb2hqKFHNYLxgtk8NURxZ3IZwD3F6NtxbXZQCnnSi1Lkx+IDohdPlFp222wVALIheZJQSEg==",
			"requires": {
				"color-convert": "^2.0.1"
			}
		},
		"chalk": {
			"version": "4.1.2",
			"resolved": "https://registry.npmjs.org/chalk/-/chalk-4.1.2.tgz",
			"integrity": "sha512-oKnbhFyRIXpUuez8iBMmyEa4nbj4IOQyuhc/wy9kY7/WVPcwIO9VA668Pu8RkO7+0G76SLROeyw9CpQ061i4mA==",
			"requires": {
				"ansi-styles": "^4.1.0",
				"supports-color": "^7.1.0"
			}
		},
		"color-convert": {
			"version": "2.0.1",
			"resolved": "https://registry.npmjs.org/color-convert/-/color-convert-2.0.1.tgz",
			"integrity": "sha512-RRECPsj7iu/xb5oKYcsFHSppFNnsj/52OVTRKb4zP5onXwVF3zVmmToNcOfGC+CRDpfK/U584fMg38ZHCaElKQ==",
			"requires": {
				"color-name": "~1.1.4"
			}
		},
		"color-name": {
			"version": "1.1.4",
			"resolved": "https://registry.npmjs.org/color-name/-/color-name-1.1.4.tgz",
			"integrity": "sha512-dOy+3AuW3a2wNbZHIuMZpTcgjGuLU/uBL/ubcZF9OXbDo8ff4O8yVp5Bf0efS8uEoYo5q4Fx7dY9OgQGXgAsQA=="
		},
		"date-fns": {
			"version": "2.23.0",
			"resolved": "https://registry.npmjs.org/date-fns/-/date-fns-2.23.0.tgz",
			"integrity": "sha512-5ycpauovVyAk0kXNZz6ZoB9AYMZB4DObse7P3BPWmyEjXNORTI8EJ6X0uaSAq4sCHzM1uajzrkr6HnsLQpxGXA=="
		},
		"diff-sequences": {
			"version": "26.6.2",
			"resolved": "https://registry.npmjs.org/diff-sequences/-/diff-sequences-26.6.2.tgz",
			"integrity": "sha512-Mv/TDa3nZ9sbc5soK+OoA74BsS3mL37yixCvUAQkiuA4Wz6YtwP/K47n2rv2ovzHZvoiQeA5FTQOschKkEwB0Q=="
		},
		"has-flag": {
			"version": "4.0.0",
			"resolved": "https://registry.npmjs.org/has-flag/-/has-flag-4.0.0.tgz",
			"integrity": "sha512-EykJT/Q1KjTWctppgIAgfSO0tKVuZUjhgMr17kqTumMl6Afv3EISleU7qZUzoXDFTAHTDC4NOoG/ZxU3EvlMPQ=="
		},
		"jest-diff": {
			"version": "26.6.2",
			"resolved": "https://registry.npmjs.org/jest-diff/-/jest-diff-26.6.2.tgz",
			"integrity": "sha512-6m+9Z3Gv9wN0WFVasqjCL/06+EFCMTqDEUl/b87HYK2rAPTyfz4ZIuSlPhY51PIQRWx5TaxeF1qmXKe9gfN3sA==",
			"requires": {
				"chalk": "^4.0.0",
				"diff-sequences": "^26.6.2",
				"jest-get-type": "^26.3.0",
				"pretty-format": "^26.6.2"
			}
		},
		"jest-get-type": {
			"version": "26.3.0",
			"resolved": "https://registry.npmjs.org/jest-get-type/-/jest-get-type-26.3.0.tgz",
			"integrity": "sha512-TpfaviN1R2pQWkIihlfEanwOXK0zcxrKEE4MlU6Tn7keoXdN6/3gK/xl0yEh8DOunn5pOVGKf8hB4R9gVh04ig=="
		},
		"pretty-format": {
			"version": "26.6.2",
			"resolved": "https://registry.npmjs.org/pretty-format/-/pretty-format-26.6.2.tgz",
			"integrity": "sha512-7AeGuCYNGmycyQbCqd/3PWH4eOoX/OiCa0uphp57NVTeAGdJGaAliecxwBDHYQCIvrW7aDBZCYeNTP/WX69mkg==",
			"requires": {
				"@jest/types": "^26.6.2",
				"ansi-regex": "^5.0.0",
				"ansi-styles": "^4.0.0",
				"react-is": "^17.0.1"
			},
			"dependencies": {
				"react-is": {
					"version": "17.0.2",
					"resolved": "https://registry.npmjs.org/react-is/-/react-is-17.0.2.tgz",
					"integrity": "sha512-w2GsyukL62IJnlaff/nRegPQR94C/XXamvMWmSHRJ4y7Ts/4ocGRmTHvOs8PSE6pB3dWOrD/nueuU5sduBsQ4w=="
				}
			}
		},
		"supports-color": {
			"version": "7.2.0",
			"resolved": "https://registry.npmjs.org/supports-color/-/supports-color-7.2.0.tgz",
			"integrity": "sha512-qpCAvRl9stuOHveKsn7HncJRvv501qIacKzQlO/+Lwxc9+0q2wLyv4Dfvt80/DPn2pqOBsJdDiogXGR9+OvwRw==",
			"requires": {
				"has-flag": "^4.0.0"
			}
		}
	}
}
